
Microsoft Visual Studio Solution File, Format Version 12.00
# Visual Studio Version 17
VisualStudioVersion = 17.4.33103.184
MinimumVisualStudioVersion = 10.0.40219.1
Project("{2150E333-8FDC-42A3-9474-1A3956D46DE8}") = "creational", "creational", "{ED1C08BA-DB79-4681-B1AD-9546E715023F}"
EndProject
Project("{2150E333-8FDC-42A3-9474-1A3956D46DE8}") = "structural", "structural", "{9B3E74B1-A37E-4FB3-9B0A-BC4F270C1DAD}"
EndProject
Project("{2150E333-8FDC-42A3-9474-1A3956D46DE8}") = "behavioral", "behavioral", "{3C557B99-3BAA-4910-BB34-DFA8B4A81751}"
EndProject
Project("{FAE04EC0-301F-11D3-BF4B-00C04F79EFBC}") = "SimpleFactory", "SimpleFactory\SimpleFactory.csproj", "{040F2F74-CE50-4A08-987D-4F14A72C9D19}"
EndProject
Global
	GlobalSection(SolutionConfigurationPlatforms) = preSolution
		Debug|Any CPU = Debug|Any CPU
		Release|Any CPU = Release|Any CPU
	EndGlobalSection
	GlobalSection(ProjectConfigurationPlatforms) = postSolution
		{040F2F74-CE50-4A08-987D-4F14A72C9D19}.Debug|Any CPU.ActiveCfg = Debug|Any CPU
		{040F2F74-CE50-4A08-987D-4F14A72C9D19}.Debug|Any CPU.Build.0 = Debug|Any CPU
		{040F2F74-CE50-4A08-987D-4F14A72C9D19}.Release|Any CPU.ActiveCfg = Release|Any CPU
		{040F2F74-CE50-4A08-987D-4F14A72C9D19}.Release|Any CPU.Build.0 = Release|Any CPU
	EndGlobalSection
	GlobalSection(SolutionProperties) = preSolution
		HideSolutionNode = FALSE
	EndGlobalSection
	GlobalSection(NestedProjects) = preSolution
		{040F2F74-CE50-4A08-987D-4F14A72C9D19} = {ED1C08BA-DB79-4681-B1AD-9546E715023F}
	EndGlobalSection
	GlobalSection(ExtensibilityGlobals) = postSolution
		SolutionGuid = {5B304531-9C56-4995-A04E-0846D4255A0E}
	EndGlobalSection
EndGlobal
